PODS:
  - Kingfisher (7.1.2)
  - SideMenu (6.5.0)

DEPENDENCIES:
  - Kingfisher
  - SideMenu

SPEC REPOS:
  trunk:
    - Kingfisher
    - SideMenu

SPEC CHECKSUMS:
  Kingfisher: 44ed6a8504763f27bab46163adfac83f5deb240c
  SideMenu: f583187d21c5b1dd04c72002be544b555a2627a2

PODFILE CHECKSUM: 29052f57a6818d711e4432d1b0f19ce226a013c0

COCOAPODS: 1.11.2
